{
  "name": "nutshell-vscode",
  "version": "0.1.0",
  "lockfileVersion": 3,
  "requires": true,
  "packages": {
    "": {
      "name": "nutshell-vscode",
      "version": "0.1.0",
      "dependencies": {
        "nutshell-server": "file:../nutshell-server"
      },
      "engines": {
        "vscode": "^1.80.0"
      }
    },
    "../nutshell-server": {
      "version": "0.1.0",
      "license": "MIT",
      "dependencies": {
        "chokidar": "^3.6.0",
        "ws": "^8.18.0"
      },
      "bin": {
        "nutshell-server": "bin/cli.js"
      },
      "engines": {
        "node": ">=18"
      }
    },
    "node_modules/nutshell-server": {
      "resolved": "../nutshell-server",
      "link": true
    }
  }
}
